
Microsoft Visual Studio Solution File, Format Version 12.00
# Visual Studio Version 17
VisualStudioVersion = 17.7.34031.279
MinimumVisualStudioVersion = 10.0.40219.1
Project("{FAE04EC0-301F-11D3-BF4B-00C04F79EFBC}") = "LoopTask1", "LoopTask1\LoopTask1.csproj", "{57CBC947-F509-4180-9377-184AF7DBE9B3}"
EndProject
Global
	GlobalSection(SolutionConfigurationPlatforms) = preSolution
		Debug|Any CPU = Debug|Any CPU
		Release|Any CPU = Release|Any CPU
	EndGlobalSection
	GlobalSection(ProjectConfigurationPlatforms) = postSolution
		{57CBC947-F509-4180-9377-184AF7DBE9B3}.Debug|Any CPU.ActiveCfg = Debug|Any CPU
		{57CBC947-F509-4180-9377-184AF7DBE9B3}.Debug|Any CPU.Build.0 = Debug|Any CPU
		{57CBC947-F509-4180-9377-184AF7DBE9B3}.Release|Any CPU.ActiveCfg = Release|Any CPU
		{57CBC947-F509-4180-9377-184AF7DBE9B3}.Release|Any CPU.Build.0 = Release|Any CPU
	EndGlobalSection
	GlobalSection(SolutionProperties) = preSolution
		HideSolutionNode = FALSE
	EndGlobalSection
	GlobalSection(ExtensibilityGlobals) = postSolution
		SolutionGuid = {4F04C893-F40A-4894-84A0-2EF46A7B38E1}
	EndGlobalSection
EndGlobal
