
Microsoft Visual Studio Solution File, Format Version 12.00
# Visual Studio Version 17
VisualStudioVersion = 17.7.34031.279
MinimumVisualStudioVersion = 10.0.40219.1
Project("{FAE04EC0-301F-11D3-BF4B-00C04F79EFBC}") = "Task2", "Task2\Task2.csproj", "{03E2DE60-B844-4226-93FD-7E861A2C4725}"
EndProject
Global
	GlobalSection(SolutionConfigurationPlatforms) = preSolution
		Debug|Any CPU = Debug|Any CPU
		Release|Any CPU = Release|Any CPU
	EndGlobalSection
	GlobalSection(ProjectConfigurationPlatforms) = postSolution
		{03E2DE60-B844-4226-93FD-7E861A2C4725}.Debug|Any CPU.ActiveCfg = Debug|Any CPU
		{03E2DE60-B844-4226-93FD-7E861A2C4725}.Debug|Any CPU.Build.0 = Debug|Any CPU
		{03E2DE60-B844-4226-93FD-7E861A2C4725}.Release|Any CPU.ActiveCfg = Release|Any CPU
		{03E2DE60-B844-4226-93FD-7E861A2C4725}.Release|Any CPU.Build.0 = Release|Any CPU
	EndGlobalSection
	GlobalSection(SolutionProperties) = preSolution
		HideSolutionNode = FALSE
	EndGlobalSection
	GlobalSection(ExtensibilityGlobals) = postSolution
		SolutionGuid = {8EEA8C5C-4DCC-41D2-94D7-CCCAEDD72D4C}
	EndGlobalSection
EndGlobal
